// !$*UTF8*$!
{
	archiveVersion = 1;
	classes = {
	};
	objectVersion = 46;
	objects = {

/* Begin PBXBuildFile section */
		96B9214F1D6DF6BD006BFD50 /* main.m in Sources */ = {isa = PBXBuildFile; fileRef = 96B9214E1D6DF6BD006BFD50 /* main.m */; };
		96B921521D6DF6BD006BFD50 /* AppDelegate.m in Sources */ = {isa = PBXBuildFile; fileRef = 96B921511D6DF6BD006BFD50 /* AppDelegate.m */; };
		96B921551D6DF6BD006BFD50 /* ViewController.m in Sources */ = {isa = PBXBuildFile; fileRef = 96B921541D6DF6BD006BFD50 /* ViewController.m */; };
		96B921581D6DF6BD006BFD50 /* Main.storyboard in Resources */ = {isa = PBXBuildFile; fileRef = 96B921561D6DF6BD006BFD50 /* Main.storyboard */; };
		96B9215A1D6DF6BD006BFD50 /* Assets.xcassets in Resources */ = {isa = PBXBuildFile; fileRef = 96B921591D6DF6BD006BFD50 /* Assets.xcassets */; };
		96B9215D1D6DF6BD006BFD50 /* LaunchScreen.storyboard in Resources */ = {isa = PBXBuildFile; fileRef = 96B9215B1D6DF6BD006BFD50 /* LaunchScreen.storyboard */; };
/* End PBXBuildFile section */

/* Begin PBXFileReference section */
		96B9214A1D6DF6BD006BFD50 /* ViewGeometry.app */ = {isa = PBXFileReference; explicitFileType = wrapper.application; includeInIndex = 0; path = ViewGeometry.app; sourceTree = BUILT_PRODUCTS_DIR; };
		96B9214E1D6DF6BD006BFD50 /* main.m */ = {isa = PBXFileReference; lastKnownFileType = sourcecode.c.objc; path = main.m; sourceTree = "<group>"; };
		96B921501D6DF6BD006BFD50 /* AppDelegate.h */ = {isa = PBXFileReference; lastKnownFileType = sourcecode.c.h; path = AppDelegate.h; sourceTree = "<group>"; };
		96B921511D6DF6BD006BFD50 /* AppDelegate.m */ = {isa = PBXFileReference; lastKnownFileType = sourcecode.c.objc; path = AppDelegate.m; sourceTree = "<group>"; };
		96B921531D6DF6BD006BFD50 /* ViewController.h */ = {isa = PBXFileReference; lastKnownFileType = sourcecode.c.h; path = ViewController.h; sourceTree = "<group>"; };
		96B921541D6DF6BD006BFD50 /* ViewController.m */ = {isa = PBXFileReference; lastKnownFileType = sourcecode.c.objc; path = ViewController.m; sourceTree = "<group>"; };
		96B921571D6DF6BD006BFD50 /* Base */ = {isa = PBXFileReference; lastKnownFileType = file.storyboard; name = Base; path = Base.lproj/Main.storyboard; sourceTree = "<group>"; };
		96B921591D6DF6BD006BFD50 /* Assets.xcassets */ = {isa = PBXFileReference; lastKnownFileType = folder.assetcatalog; path = Assets.xcassets; sourceTree = "<group>"; };
		96B9215C1D6DF6BD006BFD50 /* Base */ = {isa = PBXFileReference; lastKnownFileType = file.storyboard; name = Base; path = Base.lproj/LaunchScreen.storyboard; sourceTree = "<group>"; };
		96B9215E1D6DF6BD006BFD50 /* Info.plist */ = {isa = PBXFileReference; lastKnownFileType = text.plist.xml; path = Info.plist; sourceTree = "<group>"; };
/* End PBXFileReference section */

/* Begin PBXFrameworksBuildPhase section */
		96B921471D6DF6BD006BFD50 /* Frameworks */ = {
			isa = PBXFrameworksBuildPhase;
			buildActionMask = 2147483647;
			files = (
			);
			runOnlyForDeploymentPostprocessing = 0;
		};
/* End PBXFrameworksBuildPhase section */

/* Begin PBXGroup section */
		96B921411D6DF6BD006BFD50 = {
			isa = PBXGroup;
			children = (
				96B9214C1D6DF6BD006BFD50 /* ViewGeometry */,
				96B9214B1D6DF6BD006BFD50 /* Products */,
			);
			sourceTree = "<group>";
		};
		96B9214B1D6DF6BD006BFD50 /* Products */ = {
			isa = PBXGroup;
			children = (
				96B9214A1D6DF6BD006BFD50 /* ViewGeometry.app */,
			);
			name = Products;
			sourceTree = "<group>";
		};
		96B9214C1D6DF6BD006BFD50 /* ViewGeometry */ = {
			isa = PBXGroup;
			children = (
				96B921501D6DF6BD006BFD50 /* AppDelegate.h */,
				96B921511D6DF6BD006BFD50 /* AppDelegate.m */,
				96B921531D6DF6BD006BFD50 /* ViewController.h */,
				96B921541D6DF6BD006BFD50 /* ViewController.m */,
				96B921561D6DF6BD006BFD50 /* Main.storyboard */,
				96B921591D6DF6BD006BFD50 /* Assets.xcassets */,
				96B9215B1D6DF6BD006BFD50 /* LaunchScreen.storyboard */,
				96B9215E1D6DF6BD006BFD50 /* Info.plist */,
				96B9214D1D6DF6BD006BFD50 /* Supporting Files */,
			);
			path = ViewGeometry;
			sourceTree = "<group>";
		};
		96B9214D1D6DF6BD006BFD50 /* Supporting Files */ = {
			isa = PBXGroup;
			children = (
				96B9214E1D6DF6BD006BFD50 /* main.m */,
			);
			name = "Supporting Files";
			sourceTree = "<group>";
		};
/* End PBXGroup section */

/* Begin PBXNativeTarget section */
		96B921491D6DF6BD006BFD50 /* ViewGeometry */ = {
			isa = PBXNativeTarget;
			buildConfigurationList = 96B921611D6DF6BD006BFD50 /* Build configuration list for PBXNativeTarget "ViewGeometry" */;
			buildPhases = (
				96B921461D6DF6BD006BFD50 /* Sources */,
				96B921471D6DF6BD006BFD50 /* Frameworks */,
				96B921481D6DF6BD006BFD50 /* Resources */,
			);
			buildRules = (
			);
			dependencies = (
			);
			name = ViewGeometry;
			productName = ViewGeometry;
			productReference = 96B9214A1D6DF6BD006BFD50 /* ViewGeometry.app */;
			productType = "com.apple.product-type.application";
		};
/* End PBXNativeTarget section */

/* Begin PBXProject section */
		96B921421D6DF6BD006BFD50 /* Project object */ = {
			isa = PBXProject;
			attributes = {
				LastUpgradeCheck = 0730;
				ORGANIZATIONNAME = EnzoF;
				TargetAttributes = {
					96B921491D6DF6BD006BFD50 = {
						CreatedOnToolsVersion = 7.3.1;
						DevelopmentTeam = FTL8887NNR;
					};
				};
			};
			buildConfigurationList = 96B921451D6DF6BD006BFD50 /* Build configuration list for PBXProject "ViewGeometry" */;
			compatibilityVersion = "Xcode 3.2";
			developmentRegion = English;
			hasScannedForEncodings = 0;
			knownRegions = (
				en,
				Base,
			);
			mainGroup = 96B921411D6DF6BD006BFD50;
			productRefGroup = 96B9214B1D6DF6BD006BFD50 /* Products */;
			projectDirPath = "";
			projectRoot = "";
			targets = (
				96B921491D6DF6BD006BFD50 /* ViewGeometry */,
			);
		};
/* End PBXProject section */

/* Begin PBXResourcesBuildPhase section */
		96B921481D6DF6BD006BFD50 /* Resources */ = {
			isa = PBXResourcesBuildPhase;
			buildActionMask = 2147483647;
			files = (
				96B9215D1D6DF6BD006BFD50 /* LaunchScreen.storyboard in Resources */,
				96B9215A1D6DF6BD006BFD50 /* Assets.xcassets in Resources */,
				96B921581D6DF6BD006BFD50 /* Main.storyboard in Resources */,
			);
			runOnlyForDeploymentPostprocessing = 0;
		};
/* End PBXResourcesBuildPhase section */

/* Begin PBXSourcesBuildPhase section */
		96B921461D6DF6BD006BFD50 /* Sources */ = {
			isa = PBXSourcesBuildPhase;
			buildActionMask = 2147483647;
			files = (
				96B921551D6DF6BD006BFD50 /* ViewController.m in Sources */,
				96B921521D6DF6BD006BFD50 /* AppDelegate.m in Sources */,
				96B9214F1D6DF6BD006BFD50 /* main.m in Sources */,
			);
			runOnlyForDeploymentPostprocessing = 0;
		};
/* End PBXSourcesBuildPhase section */

/* Begin PBXVariantGroup section */
		96B921561D6DF6BD006BFD50 /* Main.storyboard */ = {
			isa = PBXVariantGroup;
			children = (
				96B921571D6DF6BD006BFD50 /* Base */,
			);
			name = Main.storyboard;
			sourceTree = "<group>";
		};
		96B9215B1D6DF6BD006BFD50 /* LaunchScreen.storyboard */ = {
			isa = PBXVariantGroup;
			children = (
				96B9215C1D6DF6BD006BFD50 /* Base */,
			);
			name = LaunchScreen.storyboard;
			sourceTree = "<group>";
		};
/* End PBXVariantGroup section */

/* Begin XCBuildConfiguration section */
		96B9215F1D6DF6BD006BFD50 /* Debug */ = {
			isa = XCBuildConfiguration;
			buildSettings = {
				ALWAYS_SEARCH_USER_PATHS = NO;
				CLANG_ANALYZER_NONNULL = YES;
				CLANG_CXX_LANGUAGE_STANDARD = "gnu++0x";
				CLANG_CXX_LIBRARY = "libc++";
				CLANG_ENABLE_MODULES = YES;
				CLANG_ENABLE_OBJC_ARC = YES;
				CLANG_WARN_BOOL_CONVERSION = YES;
				CLANG_WARN_CONSTANT_CONVERSION = YES;
				CLANG_WARN_DIRECT_OBJC_ISA_USAGE = YES_ERROR;
				CLANG_WARN_EMPTY_BODY = YES;
				CLANG_WARN_ENUM_CONVERSION = YES;
				CLANG_WARN_INT_CONVERSION = YES;
				CLANG_WARN_OBJC_ROOT_CLASS = YES_ERROR;
				CLANG_WARN_UNREACHABLE_CODE = YES;
				CLANG_WARN__DUPLICATE_METHOD_MATCH = YES;
				"CODE_SIGN_IDENTITY[sdk=iphoneos*]" = "iPhone Developer";
				COPY_PHASE_STRIP = NO;
				DEBUG_INFORMATION_FORMAT = dwarf;
				ENABLE_STRICT_OBJC_MSGSEND = YES;
				ENABLE_TESTABILITY = YES;
				GCC_C_LANGUAGE_STANDARD = gnu99;
				GCC_DYNAMIC_NO_PIC = NO;
				GCC_NO_COMMON_BLOCKS = YES;
				GCC_OPTIMIZATION_LEVEL = 0;
				GCC_PREPROCESSOR_DEFINITIONS = (
					"DEBUG=1",
					"$(inherited)",
				);
				GCC_WARN_64_TO_32_BIT_CONVERSION = YES;
				GCC_WARN_ABOUT_RETURN_TYPE = YES_ERROR;
				GCC_WARN_UNDECLARED_SELECTOR = YES;
				GCC_WARN_UNINITIALIZED_AUTOS = YES_AGGRESSIVE;
				GCC_WARN_UNUSED_FUNCTION = YES;
				GCC_WARN_UNUSED_VARIABLE = YES;
				IPHONEOS_DEPLOYMENT_TARGET = 9.3;
				MTL_ENABLE_DEBUG_INFO = YES;
				ONLY_ACTIVE_ARCH = YES;
				SDKROOT = iphoneos;
				TARGETED_DEVICE_FAMILY = "1,2";
			};
			name = Debug;
		};
		96B921601D6DF6BD006BFD50 /* Release */ = {
			isa = XCBuildConfiguration;
			buildSettings = {
				ALWAYS_SEARCH_USER_PATHS = NO;
				CLANG_ANALYZER_NONNULL = YES;
				CLANG_CXX_LANGUAGE_STANDARD = "gnu++0x";
				CLANG_CXX_LIBRARY = "libc++";
				CLANG_ENABLE_MODULES = YES;
				CLANG_ENABLE_OBJC_ARC = YES;
				CLANG_WARN_BOOL_CONVERSION = YES;
				CLANG_WARN_CONSTANT_CONVERSION = YES;
				CLANG_WARN_DIRECT_OBJC_ISA_USAGE = YES_ERROR;
				CLANG_WARN_EMPTY_BODY = YES;
				CLANG_WARN_ENUM_CONVERSION = YES;
				CLANG_WARN_INT_CONVERSION = YES;
				CLANG_WARN_OBJC_ROOT_CLASS = YES_ERROR;
				CLANG_WARN_UNREACHABLE_CODE = YES;
				CLANG_WARN__DUPLICATE_METHOD_MATCH = YES;
				"CODE_SIGN_IDENTITY[sdk=iphoneos*]" = "iPhone Developer";
				COPY_PHASE_STRIP = NO;
				DEBUG_INFORMATION_FORMAT = "dwarf-with-dsym";
				ENABLE_NS_ASSERTIONS = NO;
				ENABLE_STRICT_OBJC_MSGSEND = YES;
				GCC_C_LANGUAGE_STANDARD = gnu99;
				GCC_NO_COMMON_BLOCKS = YES;
				GCC_WARN_64_TO_32_BIT_CONVERSION = YES;
				GCC_WARN_ABOUT_RETURN_TYPE = YES_ERROR;
				GCC_WARN_UNDECLARED_SELECTOR = YES;
				GCC_WARN_UNINITIALIZED_AUTOS = YES_AGGRESSIVE;
				GCC_WARN_UNUSED_FUNCTION = YES;
				GCC_WARN_UNUSED_VARIABLE = YES;
				IPHONEOS_DEPLOYMENT_TARGET = 9.3;
				MTL_ENABLE_DEBUG_INFO = NO;
				SDKROOT = iphoneos;
				TARGETED_DEVICE_FAMILY = "1,2";
				VALIDATE_PRODUCT = YES;
			};
			name = Release;
		};
		96B921621D6DF6BD006BFD50 /* Debug */ = {
			isa = XCBuildConfiguration;
			buildSettings = {
				ASSETCATALOG_COMPILER_APPICON_NAME = AppIcon;
				INFOPLIST_FILE = ViewGeometry/Info.plist;
				LD_RUNPATH_SEARCH_PATHS = "$(inherited) @executable_path/Frameworks";
				PRODUCT_BUNDLE_IDENTIFIER = com.EFCompany.ViewGeometry;
				PRODUCT_NAME = "$(TARGET_NAME)";
			};
			name = Debug;
		};
		96B921631D6DF6BD006BFD50 /* Release */ = {
			isa = XCBuildConfiguration;
			buildSettings = {
				ASSETCATALOG_COMPILER_APPICON_NAME = AppIcon;
				INFOPLIST_FILE = ViewGeometry/Info.plist;
				LD_RUNPATH_SEARCH_PATHS = "$(inherited) @executable_path/Frameworks";
				PRODUCT_BUNDLE_IDENTIFIER = com.EFCompany.ViewGeometry;
				PRODUCT_NAME = "$(TARGET_NAME)";
			};
			name = Release;
		};
/* End XCBuildConfiguration section */

/* Begin XCConfigurationList section */
		96B921451D6DF6BD006BFD50 /* Build configuration list for PBXProject "ViewGeometry" */ = {
			isa = XCConfigurationList;
			buildConfigurations = (
				96B9215F1D6DF6BD006BFD50 /* Debug */,
				96B921601D6DF6BD006BFD50 /* Release */,
			);
			defaultConfigurationIsVisible = 0;
			defaultConfigurationName = Release;
		};
		96B921611D6DF6BD006BFD50 /* Build configuration list for PBXNativeTarget "ViewGeometry" */ = {
			isa = XCConfigurationList;
			buildConfigurations = (
				96B921621D6DF6BD006BFD50 /* Debug */,
				96B921631D6DF6BD006BFD50 /* Release */,
			);
			defaultConfigurationIsVisible = 0;
		};
/* End XCConfigurationList section */
	};
	rootObject = 96B921421D6DF6BD006BFD50 /* Project object */;
}
